
Microsoft Visual Studio Solution File, Format Version 11.00
# Visual Studio 2010
Project("{F184B08F-C81C-45F6-A57F-5ABD9991F28F}") = "SLOTMACHINE1", "SLOTMACHINE1\SLOTMACHINE1.vbproj", "{DAF90672-1081-42AB-84B2-A098A0A1B259}"
EndProject
Global
	GlobalSection(SolutionConfigurationPlatforms) = preSolution
		Debug|x86 = Debug|x86
		Release|x86 = Release|x86
	EndGlobalSection
	GlobalSection(ProjectConfigurationPlatforms) = postSolution
		{DAF90672-1081-42AB-84B2-A098A0A1B259}.Debug|x86.ActiveCfg = Debug|x86
		{DAF90672-1081-42AB-84B2-A098A0A1B259}.Debug|x86.Build.0 = Debug|x86
		{DAF90672-1081-42AB-84B2-A098A0A1B259}.Release|x86.ActiveCfg = Release|x86
		{DAF90672-1081-42AB-84B2-A098A0A1B259}.Release|x86.Build.0 = Release|x86
	EndGlobalSection
	GlobalSection(SolutionProperties) = preSolution
		HideSolutionNode = FALSE
	EndGlobalSection
EndGlobal
